// !$*UTF8*$!
{
	archiveVersion = 1;
	classes = {
	};
	objectVersion = 50;
	objects = {

/* Begin PBXBuildFile section */
		613D210420FD12D00079B120 /* AppDelegate.swift in Sources */ = {isa = PBXBuildFile; fileRef = 613D210320FD12D00079B120 /* AppDelegate.swift */; };
		613D210920FD12D00079B120 /* Main.storyboard in Resources */ = {isa = PBXBuildFile; fileRef = 613D210720FD12D00079B120 /* Main.storyboard */; };
		613D210B20FD12D20079B120 /* Assets.xcassets in Resources */ = {isa = PBXBuildFile; fileRef = 613D210A20FD12D20079B120 /* Assets.xcassets */; };
		613D210E20FD12D20079B120 /* LaunchScreen.storyboard in Resources */ = {isa = PBXBuildFile; fileRef = 613D210C20FD12D20079B120 /* LaunchScreen.storyboard */; };
		613D211720FD13310079B120 /* Log.swift in Sources */ = {isa = PBXBuildFile; fileRef = 613D211620FD13310079B120 /* Log.swift */; };
		613D211C20FD1D040079B120 /* LoginViewController.swift in Sources */ = {isa = PBXBuildFile; fileRef = 613D211B20FD1D040079B120 /* LoginViewController.swift */; };
		613D211E20FD1D9B0079B120 /* LocationMapViewController.swift in Sources */ = {isa = PBXBuildFile; fileRef = 613D211D20FD1D9B0079B120 /* LocationMapViewController.swift */; };
		613D212020FD1DBD0079B120 /* LocationListTableViewController.swift in Sources */ = {isa = PBXBuildFile; fileRef = 613D211F20FD1DBD0079B120 /* LocationListTableViewController.swift */; };
		613D212220FD1DD40079B120 /* AddLocationViewController.swift in Sources */ = {isa = PBXBuildFile; fileRef = 613D212120FD1DD40079B120 /* AddLocationViewController.swift */; };
/* End PBXBuildFile section */

/* Begin PBXFileReference section */
		613D210020FD12D00079B120 /* OnTheMap.app */ = {isa = PBXFileReference; explicitFileType = wrapper.application; includeInIndex = 0; path = OnTheMap.app; sourceTree = BUILT_PRODUCTS_DIR; };
		613D210320FD12D00079B120 /* AppDelegate.swift */ = {isa = PBXFileReference; lastKnownFileType = sourcecode.swift; path = AppDelegate.swift; sourceTree = "<group>"; };
		613D210820FD12D00079B120 /* Base */ = {isa = PBXFileReference; lastKnownFileType = file.storyboard; name = Base; path = Base.lproj/Main.storyboard; sourceTree = "<group>"; };
		613D210A20FD12D20079B120 /* Assets.xcassets */ = {isa = PBXFileReference; lastKnownFileType = folder.assetcatalog; path = Assets.xcassets; sourceTree = "<group>"; };
		613D210D20FD12D20079B120 /* Base */ = {isa = PBXFileReference; lastKnownFileType = file.storyboard; name = Base; path = Base.lproj/LaunchScreen.storyboard; sourceTree = "<group>"; };
		613D210F20FD12D20079B120 /* Info.plist */ = {isa = PBXFileReference; lastKnownFileType = text.plist.xml; path = Info.plist; sourceTree = "<group>"; };
		613D211620FD13310079B120 /* Log.swift */ = {isa = PBXFileReference; lastKnownFileType = sourcecode.swift; path = Log.swift; sourceTree = "<group>"; };
		613D211B20FD1D040079B120 /* LoginViewController.swift */ = {isa = PBXFileReference; lastKnownFileType = sourcecode.swift; path = LoginViewController.swift; sourceTree = "<group>"; };
		613D211D20FD1D9B0079B120 /* LocationMapViewController.swift */ = {isa = PBXFileReference; lastKnownFileType = sourcecode.swift; path = LocationMapViewController.swift; sourceTree = "<group>"; };
		613D211F20FD1DBD0079B120 /* LocationListTableViewController.swift */ = {isa = PBXFileReference; lastKnownFileType = sourcecode.swift; path = LocationListTableViewController.swift; sourceTree = "<group>"; };
		613D212120FD1DD40079B120 /* AddLocationViewController.swift */ = {isa = PBXFileReference; lastKnownFileType = sourcecode.swift; path = AddLocationViewController.swift; sourceTree = "<group>"; };
/* End PBXFileReference section */

/* Begin PBXFrameworksBuildPhase section */
		613D20FD20FD12D00079B120 /* Frameworks */ = {
			isa = PBXFrameworksBuildPhase;
			buildActionMask = 2147483647;
			files = (
			);
			runOnlyForDeploymentPostprocessing = 0;
		};
/* End PBXFrameworksBuildPhase section */

/* Begin PBXGroup section */
		613D20F720FD12D00079B120 = {
			isa = PBXGroup;
			children = (
				613D210220FD12D00079B120 /* OnTheMap */,
				613D210120FD12D00079B120 /* Products */,
			);
			sourceTree = "<group>";
		};
		613D210120FD12D00079B120 /* Products */ = {
			isa = PBXGroup;
			children = (
				613D210020FD12D00079B120 /* OnTheMap.app */,
			);
			name = Products;
			sourceTree = "<group>";
		};
		613D210220FD12D00079B120 /* OnTheMap */ = {
			isa = PBXGroup;
			children = (
				613D211820FD1CBA0079B120 /* ViewControllers */,
				613D211520FD12F40079B120 /* Support */,
				613D210720FD12D00079B120 /* Main.storyboard */,
				613D210F20FD12D20079B120 /* Info.plist */,
			);
			path = OnTheMap;
			sourceTree = "<group>";
		};
		613D211520FD12F40079B120 /* Support */ = {
			isa = PBXGroup;
			children = (
				613D210C20FD12D20079B120 /* LaunchScreen.storyboard */,
				613D210A20FD12D20079B120 /* Assets.xcassets */,
				613D210320FD12D00079B120 /* AppDelegate.swift */,
				613D211620FD13310079B120 /* Log.swift */,
			);
			path = Support;
			sourceTree = "<group>";
		};
		613D211820FD1CBA0079B120 /* ViewControllers */ = {
			isa = PBXGroup;
			children = (
				613D211B20FD1D040079B120 /* LoginViewController.swift */,
				613D211D20FD1D9B0079B120 /* LocationMapViewController.swift */,
				613D211F20FD1DBD0079B120 /* LocationListTableViewController.swift */,
				613D212120FD1DD40079B120 /* AddLocationViewController.swift */,
			);
			path = ViewControllers;
			sourceTree = "<group>";
		};
/* End PBXGroup section */

/* Begin PBXNativeTarget section */
		613D20FF20FD12D00079B120 /* OnTheMap */ = {
			isa = PBXNativeTarget;
			buildConfigurationList = 613D211220FD12D20079B120 /* Build configuration list for PBXNativeTarget "OnTheMap" */;
			buildPhases = (
				613D20FC20FD12D00079B120 /* Sources */,
				613D20FD20FD12D00079B120 /* Frameworks */,
				613D20FE20FD12D00079B120 /* Resources */,
			);
			buildRules = (
			);
			dependencies = (
			);
			name = OnTheMap;
			productName = OnTheMap;
			productReference = 613D210020FD12D00079B120 /* OnTheMap.app */;
			productType = "com.apple.product-type.application";
		};
/* End PBXNativeTarget section */

/* Begin PBXProject section */
		613D20F820FD12D00079B120 /* Project object */ = {
			isa = PBXProject;
			attributes = {
				LastSwiftUpdateCheck = 0940;
				LastUpgradeCheck = 0940;
				ORGANIZATIONNAME = "Robert DeLaurentis";
				TargetAttributes = {
					613D20FF20FD12D00079B120 = {
						CreatedOnToolsVersion = 9.4.1;
					};
				};
			};
			buildConfigurationList = 613D20FB20FD12D00079B120 /* Build configuration list for PBXProject "OnTheMap" */;
			compatibilityVersion = "Xcode 9.3";
			developmentRegion = en;
			hasScannedForEncodings = 0;
			knownRegions = (
				en,
				Base,
			);
			mainGroup = 613D20F720FD12D00079B120;
			productRefGroup = 613D210120FD12D00079B120 /* Products */;
			projectDirPath = "";
			projectRoot = "";
			targets = (
				613D20FF20FD12D00079B120 /* OnTheMap */,
			);
		};
/* End PBXProject section */

/* Begin PBXResourcesBuildPhase section */
		613D20FE20FD12D00079B120 /* Resources */ = {
			isa = PBXResourcesBuildPhase;
			buildActionMask = 2147483647;
			files = (
				613D210E20FD12D20079B120 /* LaunchScreen.storyboard in Resources */,
				613D210B20FD12D20079B120 /* Assets.xcassets in Resources */,
				613D210920FD12D00079B120 /* Main.storyboard in Resources */,
			);
			runOnlyForDeploymentPostprocessing = 0;
		};
/* End PBXResourcesBuildPhase section */

/* Begin PBXSourcesBuildPhase section */
		613D20FC20FD12D00079B120 /* Sources */ = {
			isa = PBXSourcesBuildPhase;
			buildActionMask = 2147483647;
			files = (
				613D211E20FD1D9B0079B120 /* LocationMapViewController.swift in Sources */,
				613D212220FD1DD40079B120 /* AddLocationViewController.swift in Sources */,
				613D211C20FD1D040079B120 /* LoginViewController.swift in Sources */,
				613D210420FD12D00079B120 /* AppDelegate.swift in Sources */,
				613D212020FD1DBD0079B120 /* LocationListTableViewController.swift in Sources */,
				613D211720FD13310079B120 /* Log.swift in Sources */,
			);
			runOnlyForDeploymentPostprocessing = 0;
		};
/* End PBXSourcesBuildPhase section */

/* Begin PBXVariantGroup section */
		613D210720FD12D00079B120 /* Main.storyboard */ = {
			isa = PBXVariantGroup;
			children = (
				613D210820FD12D00079B120 /* Base */,
			);
			name = Main.storyboard;
			sourceTree = "<group>";
		};
		613D210C20FD12D20079B120 /* LaunchScreen.storyboard */ = {
			isa = PBXVariantGroup;
			children = (
				613D210D20FD12D20079B120 /* Base */,
			);
			name = LaunchScreen.storyboard;
			sourceTree = "<group>";
		};
/* End PBXVariantGroup section */

/* Begin XCBuildConfiguration section */
		613D211020FD12D20079B120 /* Debug */ = {
			isa = XCBuildConfiguration;
			buildSettings = {
				ALWAYS_SEARCH_USER_PATHS = NO;
				CLANG_ANALYZER_NONNULL = YES;
				CLANG_ANALYZER_NUMBER_OBJECT_CONVERSION = YES_AGGRESSIVE;
				CLANG_CXX_LANGUAGE_STANDARD = "gnu++14";
				CLANG_CXX_LIBRARY = "libc++";
				CLANG_ENABLE_MODULES = YES;
				CLANG_ENABLE_OBJC_ARC = YES;
				CLANG_ENABLE_OBJC_WEAK = YES;
				CLANG_WARN_BLOCK_CAPTURE_AUTORELEASING = YES;
				CLANG_WARN_BOOL_CONVERSION = YES;
				CLANG_WARN_COMMA = YES;
				CLANG_WARN_CONSTANT_CONVERSION = YES;
				CLANG_WARN_DEPRECATED_OBJC_IMPLEMENTATIONS = YES;
				CLANG_WARN_DIRECT_OBJC_ISA_USAGE = YES_ERROR;
				CLANG_WARN_DOCUMENTATION_COMMENTS = YES;
				CLANG_WARN_EMPTY_BODY = YES;
				CLANG_WARN_ENUM_CONVERSION = YES;
				CLANG_WARN_INFINITE_RECURSION = YES;
				CLANG_WARN_INT_CONVERSION = YES;
				CLANG_WARN_NON_LITERAL_NULL_CONVERSION = YES;
				CLANG_WARN_OBJC_IMPLICIT_RETAIN_SELF = YES;
				CLANG_WARN_OBJC_LITERAL_CONVERSION = YES;
				CLANG_WARN_OBJC_ROOT_CLASS = YES_ERROR;
				CLANG_WARN_RANGE_LOOP_ANALYSIS = YES;
				CLANG_WARN_STRICT_PROTOTYPES = YES;
				CLANG_WARN_SUSPICIOUS_MOVE = YES;
				CLANG_WARN_UNGUARDED_AVAILABILITY = YES_AGGRESSIVE;
				CLANG_WARN_UNREACHABLE_CODE = YES;
				CLANG_WARN__DUPLICATE_METHOD_MATCH = YES;
				CODE_SIGN_IDENTITY = "iPhone Developer";
				COPY_PHASE_STRIP = NO;
				DEBUG_INFORMATION_FORMAT = dwarf;
				ENABLE_STRICT_OBJC_MSGSEND = YES;
				ENABLE_TESTABILITY = YES;
				GCC_C_LANGUAGE_STANDARD = gnu11;
				GCC_DYNAMIC_NO_PIC = NO;
				GCC_NO_COMMON_BLOCKS = YES;
				GCC_OPTIMIZATION_LEVEL = 0;
				GCC_PREPROCESSOR_DEFINITIONS = (
					"DEBUG=1",
					"$(inherited)",
				);
				GCC_WARN_64_TO_32_BIT_CONVERSION = YES;
				GCC_WARN_ABOUT_RETURN_TYPE = YES_ERROR;
				GCC_WARN_UNDECLARED_SELECTOR = YES;
				GCC_WARN_UNINITIALIZED_AUTOS = YES_AGGRESSIVE;
				GCC_WARN_UNUSED_FUNCTION = YES;
				GCC_WARN_UNUSED_VARIABLE = YES;
				IPHONEOS_DEPLOYMENT_TARGET = 11.4;
				MTL_ENABLE_DEBUG_INFO = YES;
				ONLY_ACTIVE_ARCH = YES;
				SDKROOT = iphoneos;
				SWIFT_ACTIVE_COMPILATION_CONDITIONS = DEBUG;
				SWIFT_OPTIMIZATION_LEVEL = "-Onone";
			};
			name = Debug;
		};
		613D211120FD12D20079B120 /* Release */ = {
			isa = XCBuildConfiguration;
			buildSettings = {
				ALWAYS_SEARCH_USER_PATHS = NO;
				CLANG_ANALYZER_NONNULL = YES;
				CLANG_ANALYZER_NUMBER_OBJECT_CONVERSION = YES_AGGRESSIVE;
				CLANG_CXX_LANGUAGE_STANDARD = "gnu++14";
				CLANG_CXX_LIBRARY = "libc++";
				CLANG_ENABLE_MODULES = YES;
				CLANG_ENABLE_OBJC_ARC = YES;
				CLANG_ENABLE_OBJC_WEAK = YES;
				CLANG_WARN_BLOCK_CAPTURE_AUTORELEASING = YES;
				CLANG_WARN_BOOL_CONVERSION = YES;
				CLANG_WARN_COMMA = YES;
				CLANG_WARN_CONSTANT_CONVERSION = YES;
				CLANG_WARN_DEPRECATED_OBJC_IMPLEMENTATIONS = YES;
				CLANG_WARN_DIRECT_OBJC_ISA_USAGE = YES_ERROR;
				CLANG_WARN_DOCUMENTATION_COMMENTS = YES;
				CLANG_WARN_EMPTY_BODY = YES;
				CLANG_WARN_ENUM_CONVERSION = YES;
				CLANG_WARN_INFINITE_RECURSION = YES;
				CLANG_WARN_INT_CONVERSION = YES;
				CLANG_WARN_NON_LITERAL_NULL_CONVERSION = YES;
				CLANG_WARN_OBJC_IMPLICIT_RETAIN_SELF = YES;
				CLANG_WARN_OBJC_LITERAL_CONVERSION = YES;
				CLANG_WARN_OBJC_ROOT_CLASS = YES_ERROR;
				CLANG_WARN_RANGE_LOOP_ANALYSIS = YES;
				CLANG_WARN_STRICT_PROTOTYPES = YES;
				CLANG_WARN_SUSPICIOUS_MOVE = YES;
				CLANG_WARN_UNGUARDED_AVAILABILITY = YES_AGGRESSIVE;
				CLANG_WARN_UNREACHABLE_CODE = YES;
				CLANG_WARN__DUPLICATE_METHOD_MATCH = YES;
				CODE_SIGN_IDENTITY = "iPhone Developer";
				COPY_PHASE_STRIP = NO;
				DEBUG_INFORMATION_FORMAT = "dwarf-with-dsym";
				ENABLE_NS_ASSERTIONS = NO;
				ENABLE_STRICT_OBJC_MSGSEND = YES;
				GCC_C_LANGUAGE_STANDARD = gnu11;
				GCC_NO_COMMON_BLOCKS = YES;
				GCC_WARN_64_TO_32_BIT_CONVERSION = YES;
				GCC_WARN_ABOUT_RETURN_TYPE = YES_ERROR;
				GCC_WARN_UNDECLARED_SELECTOR = YES;
				GCC_WARN_UNINITIALIZED_AUTOS = YES_AGGRESSIVE;
				GCC_WARN_UNUSED_FUNCTION = YES;
				GCC_WARN_UNUSED_VARIABLE = YES;
				IPHONEOS_DEPLOYMENT_TARGET = 11.4;
				MTL_ENABLE_DEBUG_INFO = NO;
				SDKROOT = iphoneos;
				SWIFT_COMPILATION_MODE = wholemodule;
				SWIFT_OPTIMIZATION_LEVEL = "-O";
				VALIDATE_PRODUCT = YES;
			};
			name = Release;
		};
		613D211320FD12D20079B120 /* Debug */ = {
			isa = XCBuildConfiguration;
			buildSettings = {
				ASSETCATALOG_COMPILER_APPICON_NAME = AppIcon;
				CODE_SIGN_STYLE = Automatic;
				DEVELOPMENT_TEAM = 7Y3X25PDL6;
				INFOPLIST_FILE = OnTheMap/Info.plist;
				LD_RUNPATH_SEARCH_PATHS = (
					"$(inherited)",
					"@executable_path/Frameworks",
				);
				PRODUCT_BUNDLE_IDENTIFIER = com.bobdel.OnTheMap;
				PRODUCT_NAME = "$(TARGET_NAME)";
				SWIFT_VERSION = 4.0;
				TARGETED_DEVICE_FAMILY = "1,2";
			};
			name = Debug;
		};
		613D211420FD12D20079B120 /* Release */ = {
			isa = XCBuildConfiguration;
			buildSettings = {
				ASSETCATALOG_COMPILER_APPICON_NAME = AppIcon;
				CODE_SIGN_STYLE = Automatic;
				DEVELOPMENT_TEAM = 7Y3X25PDL6;
				INFOPLIST_FILE = OnTheMap/Info.plist;
				LD_RUNPATH_SEARCH_PATHS = (
					"$(inherited)",
					"@executable_path/Frameworks",
				);
				PRODUCT_BUNDLE_IDENTIFIER = com.bobdel.OnTheMap;
				PRODUCT_NAME = "$(TARGET_NAME)";
				SWIFT_VERSION = 4.0;
				TARGETED_DEVICE_FAMILY = "1,2";
			};
			name = Release;
		};
/* End XCBuildConfiguration section */

/* Begin XCConfigurationList section */
		613D20FB20FD12D00079B120 /* Build configuration list for PBXProject "OnTheMap" */ = {
			isa = XCConfigurationList;
			buildConfigurations = (
				613D211020FD12D20079B120 /* Debug */,
				613D211120FD12D20079B120 /* Release */,
			);
			defaultConfigurationIsVisible = 0;
			defaultConfigurationName = Release;
		};
		613D211220FD12D20079B120 /* Build configuration list for PBXNativeTarget "OnTheMap" */ = {
			isa = XCConfigurationList;
			buildConfigurations = (
				613D211320FD12D20079B120 /* Debug */,
				613D211420FD12D20079B120 /* Release */,
			);
			defaultConfigurationIsVisible = 0;
			defaultConfigurationName = Release;
		};
/* End XCConfigurationList section */
	};
	rootObject = 613D20F820FD12D00079B120 /* Project object */;
}
